
Microsoft Visual Studio Solution File, Format Version 12.00
# Visual Studio Version 17
VisualStudioVersion = 17.0.31919.166
MinimumVisualStudioVersion = 10.0.40219.1
Project("{9A19103F-16F7-4668-BE54-9A1E7A4F7556}") = "SocialClub.Web", "SocialClub.Web\SocialClub.Web.csproj", "{704430BC-3B06-4BB2-B40B-6A90948CA0D1}"
EndProject
Global
	GlobalSection(SolutionConfigurationPlatforms) = preSolution
		Debug|Any CPU = Debug|Any CPU
		Release|Any CPU = Release|Any CPU
	EndGlobalSection
	GlobalSection(ProjectConfigurationPlatforms) = postSolution
		{704430BC-3B06-4BB2-B40B-6A90948CA0D1}.Debug|Any CPU.ActiveCfg = Debug|Any CPU
		{704430BC-3B06-4BB2-B40B-6A90948CA0D1}.Debug|Any CPU.Build.0 = Debug|Any CPU
		{704430BC-3B06-4BB2-B40B-6A90948CA0D1}.Release|Any CPU.ActiveCfg = Release|Any CPU
		{704430BC-3B06-4BB2-B40B-6A90948CA0D1}.Release|Any CPU.Build.0 = Release|Any CPU
	EndGlobalSection
	GlobalSection(SolutionProperties) = preSolution
		HideSolutionNode = FALSE
	EndGlobalSection
	GlobalSection(ExtensibilityGlobals) = postSolution
		SolutionGuid = {B5CDD535-E02B-4269-B1C8-68FE3FD3760B}
	EndGlobalSection
EndGlobal
